github.com/dontpanic92/wxGo v0.0.0-20181107055819-fbf544604121 h1:b5gWiiOZMFnPe5zjVHqwxEt4S8tm8JcRxWpCSWKYQYs=
github.com/dontpanic92/wxGo v0.0.0-20181107055819-fbf544604121/go.mod h1:EUkxdIXt9yQ4TpZAOo4/QUejLdNoBowesftSfMSw/2o=
github.com/schollz/croc/v9 v9.5.2 h1:Yvp2gMmosREoCIgrrCQWMnAxNzEkAnih9orHtzIO6cM=
github.com/schollz/croc/v9 v9.5.2/go.mod h1:1QVE+lQPORKcVuf+6rl9nhfwwTqKZY8w01Rj6ycW2Cw=
